
Microsoft Visual Studio Solution File, Format Version 12.00
# Visual Studio 2012
Project("{FAE04EC0-301F-11D3-BF4B-00C04F79EFBC}") = "BlogSitesi", "BlogSitesi\BlogSitesi.csproj", "{62E9FC7B-A0F7-4695-91FD-81F2F4CFF10C}"
EndProject
Global
	GlobalSection(SolutionConfigurationPlatforms) = preSolution
		Debug|Any CPU = Debug|Any CPU
		Release|Any CPU = Release|Any CPU
	EndGlobalSection
	GlobalSection(ProjectConfigurationPlatforms) = postSolution
		{62E9FC7B-A0F7-4695-91FD-81F2F4CFF10C}.Debug|Any CPU.ActiveCfg = Debug|Any CPU
		{62E9FC7B-A0F7-4695-91FD-81F2F4CFF10C}.Debug|Any CPU.Build.0 = Debug|Any CPU
		{62E9FC7B-A0F7-4695-91FD-81F2F4CFF10C}.Release|Any CPU.ActiveCfg = Release|Any CPU
		{62E9FC7B-A0F7-4695-91FD-81F2F4CFF10C}.Release|Any CPU.Build.0 = Release|Any CPU
	EndGlobalSection
	GlobalSection(SolutionProperties) = preSolution
		HideSolutionNode = FALSE
	EndGlobalSection
EndGlobal
